
Microsoft Visual Studio Solution File, Format Version 12.00
# Visual Studio Version 16
VisualStudioVersion = 16.0.30114.105
MinimumVisualStudioVersion = 10.0.40219.1
Project("{FAE04EC0-301F-11D3-BF4B-00C04F79EFBC}") = "ContentManagementSystem", "ContentManagementSystem\ContentManagementSystem.csproj", "{7DE73045-8910-4E2E-9057-891AD46297F3}"
EndProject
Project("{2150E333-8FDC-42A3-9474-1A3956D46DE8}") = "Solution Items", "Solution Items", "{4625B84E-CB0A-4E80-8BA2-0FB373743EAF}"
	ProjectSection(SolutionItems) = preProject
		ReadMe.txt = ReadMe.txt
	EndProjectSection
EndProject
Global
	GlobalSection(SolutionConfigurationPlatforms) = preSolution
		Debug|Any CPU = Debug|Any CPU
		Release|Any CPU = Release|Any CPU
	EndGlobalSection
	GlobalSection(ProjectConfigurationPlatforms) = postSolution
		{7DE73045-8910-4E2E-9057-891AD46297F3}.Debug|Any CPU.ActiveCfg = Debug|Any CPU
		{7DE73045-8910-4E2E-9057-891AD46297F3}.Debug|Any CPU.Build.0 = Debug|Any CPU
		{7DE73045-8910-4E2E-9057-891AD46297F3}.Release|Any CPU.ActiveCfg = Release|Any CPU
		{7DE73045-8910-4E2E-9057-891AD46297F3}.Release|Any CPU.Build.0 = Release|Any CPU
	EndGlobalSection
	GlobalSection(SolutionProperties) = preSolution
		HideSolutionNode = FALSE
	EndGlobalSection
	GlobalSection(ExtensibilityGlobals) = postSolution
		SolutionGuid = {DFE2D542-5105-4903-B9B4-40E60F0C57A9}
	EndGlobalSection
EndGlobal
